<?xml version="1.0" encoding="utf-8"?>
<Project ToolsVersion="4.0" xmlns="http://schemas.microsoft.com/developer/msbuild/2003">
  <ItemGroup>
    <Filter Include="Source Files">
      <UniqueIdentifier>{7d40be12-4699-4ee7-99d4-3c9d5f5e5333}</UniqueIdentifier>
      <Extensions>cpp;c;cxx;rc;def;r;odl;idl;hpj;bat</Extensions>
    </Filter>
    <Filter Include="Header Files">
      <UniqueIdentifier>{23e84bf1-ffbd-45a9-afa4-c448c6c3716c}</UniqueIdentifier>
      <Extensions>h;hpp;hxx;hm;inl</Extensions>
    </Filter>
    <Filter Include="Resource Files">
      <UniqueIdentifier>{d5663b97-f7c2-4787-a25b-b49d5b574307}</UniqueIdentifier>
      <Extensions>ico;cur;bmp;dlg;rc2;rct;bin;rgs;gif;jpg;jpeg;jpe</Extensions>
    </Filter>
  </ItemGroup>
  <ItemGroup>
    <ClCompile Include="Background.cpp">
      <Filter>Source Files</Filter>
    </ClCompile>
    <ClCompile Include="Bitmap.cpp">
      <Filter>Source Files</Filter>
    </ClCompile>
    <ClCompile Include="ChronoSprite.cpp">
      <Filter>Source Files</Filter>
    </ClCompile>
    <ClCompile Include="Construction.cpp">
      <Filter>Source Files</Filter>
    </ClCompile>
    <ClCompile Include="ConstructionSprite.cpp">
      <Filter>Source Files</Filter>
    </ClCompile>
    <ClCompile Include="CounterSprite.cpp">
      <Filter>Source Files</Filter>
    </ClCompile>
    <ClCompile Include="DefendSprite.cpp">
      <Filter>Source Files</Filter>
    </ClCompile>
    <ClCompile Include="DigitalVideo.cpp">
      <Filter>Source Files</Filter>
    </ClCompile>
    <ClCompile Include="DSBuffer.cpp">
      <Filter>Source Files</Filter>
    </ClCompile>
    <ClCompile Include="DSList.cpp">
      <Filter>Source Files</Filter>
    </ClCompile>
    <ClCompile Include="GameEngine.cpp">
      <Filter>Source Files</Filter>
    </ClCompile>
    <ClCompile Include="IcoSprite.cpp">
      <Filter>Source Files</Filter>
    </ClCompile>
    <ClCompile Include="MenuItemSprite.cpp">
      <Filter>Source Files</Filter>
    </ClCompile>
    <ClCompile Include="MenuSprite.cpp">
      <Filter>Source Files</Filter>
    </ClCompile>
    <ClCompile Include="ParachuteSprite.cpp">
      <Filter>Source Files</Filter>
    </ClCompile>
    <ClCompile Include="PersonSprite.cpp">
      <Filter>Source Files</Filter>
    </ClCompile>
    <ClCompile Include="PlaneSprite.cpp">
      <Filter>Source Files</Filter>
    </ClCompile>
    <ClCompile Include="PrismSprite.cpp">
      <Filter>Source Files</Filter>
    </ClCompile>
    <ClCompile Include="Sprite.cpp">
      <Filter>Source Files</Filter>
    </ClCompile>
    <ClCompile Include="TargetSprite.cpp">
      <Filter>Source Files</Filter>
    </ClCompile>
    <ClCompile Include="TeslaSprite.cpp">
      <Filter>Source Files</Filter>
    </ClCompile>
  </ItemGroup>
  <ItemGroup>
    <ResourceCompile Include="Construction.rc">
      <Filter>Source Files</Filter>
    </ResourceCompile>
  </ItemGroup>
  <ItemGroup>
    <ClInclude Include="Background.h">
      <Filter>Header Files</Filter>
    </ClInclude>
    <ClInclude Include="Bitmap.h">
      <Filter>Header Files</Filter>
    </ClInclude>
    <ClInclude Include="ChronoSprite.h">
      <Filter>Header Files</Filter>
    </ClInclude>
    <ClInclude Include="Construction.h">
      <Filter>Header Files</Filter>
    </ClInclude>
    <ClInclude Include="ConstructionSprite.h">
      <Filter>Header Files</Filter>
    </ClInclude>
    <ClInclude Include="CounterSprite.h">
      <Filter>Header Files</Filter>
    </ClInclude>
    <ClInclude Include="DefendSprite.h">
      <Filter>Header Files</Filter>
    </ClInclude>
    <ClInclude Include="Define.h">
      <Filter>Header Files</Filter>
    </ClInclude>
    <ClInclude Include="DieAshSprite.h">
      <Filter>Header Files</Filter>
    </ClInclude>
    <ClInclude Include="DigitalVideo.h">
      <Filter>Header Files</Filter>
    </ClInclude>
    <ClInclude Include="DSBuffer.h">
      <Filter>Header Files</Filter>
    </ClInclude>
    <ClInclude Include="DSList.h">
      <Filter>Header Files</Filter>
    </ClInclude>
    <ClInclude Include="GameEngine.h">
      <Filter>Header Files</Filter>
    </ClInclude>
    <ClInclude Include="IcoSprite.h">
      <Filter>Header Files</Filter>
    </ClInclude>
    <ClInclude Include="MenuItemSprite.h">
      <Filter>Header Files</Filter>
    </ClInclude>
    <ClInclude Include="MenuSprite.h">
      <Filter>Header Files</Filter>
    </ClInclude>
    <ClInclude Include="MissionEndSprite.h">
      <Filter>Header Files</Filter>
    </ClInclude>
    <ClInclude Include="MouseSprite.h">
      <Filter>Header Files</Filter>
    </ClInclude>
    <ClInclude Include="NuclearMissileSprite.h">
      <Filter>Header Files</Filter>
    </ClInclude>
    <ClInclude Include="PadButtonSprite.h">
      <Filter>Header Files</Filter>
    </ClInclude>
    <ClInclude Include="ParachuteSprite.h">
      <Filter>Header Files</Filter>
    </ClInclude>
    <ClInclude Include="PersonSprite.h">
      <Filter>Header Files</Filter>
    </ClInclude>
    <ClInclude Include="PlaneSprite.h">
      <Filter>Header Files</Filter>
    </ClInclude>
    <ClInclude Include="PrismSprite.h">
      <Filter>Header Files</Filter>
    </ClInclude>
    <ClInclude Include="Sprite.h">
      <Filter>Header Files</Filter>
    </ClInclude>
    <ClInclude Include="TargetSprite.h">
      <Filter>Header Files</Filter>
    </ClInclude>
    <ClInclude Include="TeslaSprite.h">
      <Filter>Header Files</Filter>
    </ClInclude>
  </ItemGroup>
  <ItemGroup>
    <None Include="Res\RA2.ico">
      <Filter>Resource Files</Filter>
    </None>
    <None Include="Res\RA2_SM.ico">
      <Filter>Resource Files</Filter>
    </None>
  </ItemGroup>
</Project>